// !$*UTF8*$!
{
	archiveVersion = 1;
	classes = {
	};
	objectVersion = 46;
	objects = {

/* Begin PBXBuildFile section */
		8C06C1A51CAF1CDA00C6C584 /* csv.swift in Sources */ = {isa = PBXBuildFile; fileRef = 8C06C1A41CAF1CDA00C6C584 /* csv.swift */; };
		8C0834AC1CAE139B00A8925F /* AppDelegate.swift in Sources */ = {isa = PBXBuildFile; fileRef = 8C0834AB1CAE139B00A8925F /* AppDelegate.swift */; };
		8C0834AE1CAE139B00A8925F /* ViewController.swift in Sources */ = {isa = PBXBuildFile; fileRef = 8C0834AD1CAE139B00A8925F /* ViewController.swift */; };
		8C0834B11CAE139B00A8925F /* Main.storyboard in Resources */ = {isa = PBXBuildFile; fileRef = 8C0834AF1CAE139B00A8925F /* Main.storyboard */; };
		8C0834B31CAE139B00A8925F /* Assets.xcassets in Resources */ = {isa = PBXBuildFile; fileRef = 8C0834B21CAE139B00A8925F /* Assets.xcassets */; };
		8C0834B61CAE139B00A8925F /* LaunchScreen.storyboard in Resources */ = {isa = PBXBuildFile; fileRef = 8C0834B41CAE139B00A8925F /* LaunchScreen.storyboard */; };
		8C0834C11CAE252900A8925F /* pokemon.csv in Resources */ = {isa = PBXBuildFile; fileRef = 8C0834C01CAE252900A8925F /* pokemon.csv */; };
		8C0834C31CAE2B0300A8925F /* Pokemon.swift in Sources */ = {isa = PBXBuildFile; fileRef = 8C0834C21CAE2B0300A8925F /* Pokemon.swift */; };
		8C0834C61CAE338500A8925F /* PokemonCell.swift in Sources */ = {isa = PBXBuildFile; fileRef = 8C0834C51CAE338500A8925F /* PokemonCell.swift */; };
/* End PBXBuildFile section */

/* Begin PBXFileReference section */
		8C06C1A41CAF1CDA00C6C584 /* csv.swift */ = {isa = PBXFileReference; fileEncoding = 4; lastKnownFileType = sourcecode.swift; path = csv.swift; sourceTree = "<group>"; };
		8C0834A81CAE139B00A8925F /* webrequests.app */ = {isa = PBXFileReference; explicitFileType = wrapper.application; includeInIndex = 0; path = webrequests.app; sourceTree = BUILT_PRODUCTS_DIR; };
		8C0834AB1CAE139B00A8925F /* AppDelegate.swift */ = {isa = PBXFileReference; lastKnownFileType = sourcecode.swift; path = AppDelegate.swift; sourceTree = "<group>"; };
		8C0834AD1CAE139B00A8925F /* ViewController.swift */ = {isa = PBXFileReference; lastKnownFileType = sourcecode.swift; path = ViewController.swift; sourceTree = "<group>"; };
		8C0834B01CAE139B00A8925F /* Base */ = {isa = PBXFileReference; lastKnownFileType = file.storyboard; name = Base; path = Base.lproj/Main.storyboard; sourceTree = "<group>"; };
		8C0834B21CAE139B00A8925F /* Assets.xcassets */ = {isa = PBXFileReference; lastKnownFileType = folder.assetcatalog; path = Assets.xcassets; sourceTree = "<group>"; };
		8C0834B51CAE139B00A8925F /* Base */ = {isa = PBXFileReference; lastKnownFileType = file.storyboard; name = Base; path = Base.lproj/LaunchScreen.storyboard; sourceTree = "<group>"; };
		8C0834B71CAE139B00A8925F /* Info.plist */ = {isa = PBXFileReference; lastKnownFileType = text.plist.xml; path = Info.plist; sourceTree = "<group>"; };
		8C0834C01CAE252900A8925F /* pokemon.csv */ = {isa = PBXFileReference; fileEncoding = 4; lastKnownFileType = text; path = pokemon.csv; sourceTree = "<group>"; };
		8C0834C21CAE2B0300A8925F /* Pokemon.swift */ = {isa = PBXFileReference; fileEncoding = 4; lastKnownFileType = sourcecode.swift; path = Pokemon.swift; sourceTree = "<group>"; };
		8C0834C51CAE338500A8925F /* PokemonCell.swift */ = {isa = PBXFileReference; fileEncoding = 4; lastKnownFileType = sourcecode.swift; path = PokemonCell.swift; sourceTree = "<group>"; };
/* End PBXFileReference section */

/* Begin PBXFrameworksBuildPhase section */
		8C0834A51CAE139B00A8925F /* Frameworks */ = {
			isa = PBXFrameworksBuildPhase;
			buildActionMask = 2147483647;
			files = (
			);
			runOnlyForDeploymentPostprocessing = 0;
		};
/* End PBXFrameworksBuildPhase section */

/* Begin PBXGroup section */
		8C06C1A61CAF1D1600C6C584 /* Controllers */ = {
			isa = PBXGroup;
			children = (
				8C0834AD1CAE139B00A8925F /* ViewController.swift */,
			);
			name = Controllers;
			sourceTree = "<group>";
		};
		8C06C1A71CAF1D5100C6C584 /* Util */ = {
			isa = PBXGroup;
			children = (
				8C06C1A41CAF1CDA00C6C584 /* csv.swift */,
			);
			name = Util;
			sourceTree = "<group>";
		};
		8C06C1A81CAF1D6500C6C584 /* Resources */ = {
			isa = PBXGroup;
			children = (
				8C0834C01CAE252900A8925F /* pokemon.csv */,
			);
			name = Resources;
			sourceTree = "<group>";
		};
		8C08349F1CAE139B00A8925F = {
			isa = PBXGroup;
			children = (
				8C0834AA1CAE139B00A8925F /* webrequests */,
				8C0834A91CAE139B00A8925F /* Products */,
			);
			sourceTree = "<group>";
		};
		8C0834A91CAE139B00A8925F /* Products */ = {
			isa = PBXGroup;
			children = (
				8C0834A81CAE139B00A8925F /* webrequests.app */,
			);
			name = Products;
			sourceTree = "<group>";
		};
		8C0834AA1CAE139B00A8925F /* webrequests */ = {
			isa = PBXGroup;
			children = (
				8C0834BD1CAE1C0C00A8925F /* Model */,
				8C0834C41CAE336400A8925F /* Views */,
				8C06C1A61CAF1D1600C6C584 /* Controllers */,
				8C06C1A71CAF1D5100C6C584 /* Util */,
				8C06C1A81CAF1D6500C6C584 /* Resources */,
				8C0834AF1CAE139B00A8925F /* Main.storyboard */,
				8C0834AB1CAE139B00A8925F /* AppDelegate.swift */,
				8C0834B21CAE139B00A8925F /* Assets.xcassets */,
				8C0834B41CAE139B00A8925F /* LaunchScreen.storyboard */,
				8C0834B71CAE139B00A8925F /* Info.plist */,
			);
			path = webrequests;
			sourceTree = "<group>";
		};
		8C0834BD1CAE1C0C00A8925F /* Model */ = {
			isa = PBXGroup;
			children = (
				8C0834C21CAE2B0300A8925F /* Pokemon.swift */,
			);
			name = Model;
			sourceTree = "<group>";
		};
		8C0834C41CAE336400A8925F /* Views */ = {
			isa = PBXGroup;
			children = (
				8C0834C51CAE338500A8925F /* PokemonCell.swift */,
			);
			name = Views;
			sourceTree = "<group>";
		};
/* End PBXGroup section */

/* Begin PBXNativeTarget section */
		8C0834A71CAE139B00A8925F /* webrequests */ = {
			isa = PBXNativeTarget;
			buildConfigurationList = 8C0834BA1CAE139B00A8925F /* Build configuration list for PBXNativeTarget "webrequests" */;
			buildPhases = (
				8C0834A41CAE139B00A8925F /* Sources */,
				8C0834A51CAE139B00A8925F /* Frameworks */,
				8C0834A61CAE139B00A8925F /* Resources */,
			);
			buildRules = (
			);
			dependencies = (
			);
			name = webrequests;
			productName = webrequests;
			productReference = 8C0834A81CAE139B00A8925F /* webrequests.app */;
			productType = "com.apple.product-type.application";
		};
/* End PBXNativeTarget section */

/* Begin PBXProject section */
		8C0834A01CAE139B00A8925F /* Project object */ = {
			isa = PBXProject;
			attributes = {
				LastSwiftUpdateCheck = 0720;
				LastUpgradeCheck = 0720;
				ORGANIZATIONNAME = joebeard;
				TargetAttributes = {
					8C0834A71CAE139B00A8925F = {
						CreatedOnToolsVersion = 7.2.1;
					};
				};
			};
			buildConfigurationList = 8C0834A31CAE139B00A8925F /* Build configuration list for PBXProject "webrequests" */;
			compatibilityVersion = "Xcode 3.2";
			developmentRegion = English;
			hasScannedForEncodings = 0;
			knownRegions = (
				en,
				Base,
			);
			mainGroup = 8C08349F1CAE139B00A8925F;
			productRefGroup = 8C0834A91CAE139B00A8925F /* Products */;
			projectDirPath = "";
			projectRoot = "";
			targets = (
				8C0834A71CAE139B00A8925F /* webrequests */,
			);
		};
/* End PBXProject section */

/* Begin PBXResourcesBuildPhase section */
		8C0834A61CAE139B00A8925F /* Resources */ = {
			isa = PBXResourcesBuildPhase;
			buildActionMask = 2147483647;
			files = (
				8C0834B61CAE139B00A8925F /* LaunchScreen.storyboard in Resources */,
				8C0834B31CAE139B00A8925F /* Assets.xcassets in Resources */,
				8C0834C11CAE252900A8925F /* pokemon.csv in Resources */,
				8C0834B11CAE139B00A8925F /* Main.storyboard in Resources */,
			);
			runOnlyForDeploymentPostprocessing = 0;
		};
/* End PBXResourcesBuildPhase section */

/* Begin PBXSourcesBuildPhase section */
		8C0834A41CAE139B00A8925F /* Sources */ = {
			isa = PBXSourcesBuildPhase;
			buildActionMask = 2147483647;
			files = (
				8C0834AE1CAE139B00A8925F /* ViewController.swift in Sources */,
				8C0834C61CAE338500A8925F /* PokemonCell.swift in Sources */,
				8C0834AC1CAE139B00A8925F /* AppDelegate.swift in Sources */,
				8C0834C31CAE2B0300A8925F /* Pokemon.swift in Sources */,
				8C06C1A51CAF1CDA00C6C584 /* csv.swift in Sources */,
			);
			runOnlyForDeploymentPostprocessing = 0;
		};
/* End PBXSourcesBuildPhase section */

/* Begin PBXVariantGroup section */
		8C0834AF1CAE139B00A8925F /* Main.storyboard */ = {
			isa = PBXVariantGroup;
			children = (
				8C0834B01CAE139B00A8925F /* Base */,
			);
			name = Main.storyboard;
			sourceTree = "<group>";
		};
		8C0834B41CAE139B00A8925F /* LaunchScreen.storyboard */ = {
			isa = PBXVariantGroup;
			children = (
				8C0834B51CAE139B00A8925F /* Base */,
			);
			name = LaunchScreen.storyboard;
			sourceTree = "<group>";
		};
/* End PBXVariantGroup section */

/* Begin XCBuildConfiguration section */
		8C0834B81CAE139B00A8925F /* Debug */ = {
			isa = XCBuildConfiguration;
			buildSettings = {
				ALWAYS_SEARCH_USER_PATHS = NO;
				CLANG_CXX_LANGUAGE_STANDARD = "gnu++0x";
				CLANG_CXX_LIBRARY = "libc++";
				CLANG_ENABLE_MODULES = YES;
				CLANG_ENABLE_OBJC_ARC = YES;
				CLANG_WARN_BOOL_CONVERSION = YES;
				CLANG_WARN_CONSTANT_CONVERSION = YES;
				CLANG_WARN_DIRECT_OBJC_ISA_USAGE = YES_ERROR;
				CLANG_WARN_EMPTY_BODY = YES;
				CLANG_WARN_ENUM_CONVERSION = YES;
				CLANG_WARN_INT_CONVERSION = YES;
				CLANG_WARN_OBJC_ROOT_CLASS = YES_ERROR;
				CLANG_WARN_UNREACHABLE_CODE = YES;
				CLANG_WARN__DUPLICATE_METHOD_MATCH = YES;
				"CODE_SIGN_IDENTITY[sdk=iphoneos*]" = "iPhone Developer";
				COPY_PHASE_STRIP = NO;
				DEBUG_INFORMATION_FORMAT = dwarf;
				ENABLE_STRICT_OBJC_MSGSEND = YES;
				ENABLE_TESTABILITY = YES;
				GCC_C_LANGUAGE_STANDARD = gnu99;
				GCC_DYNAMIC_NO_PIC = NO;
				GCC_NO_COMMON_BLOCKS = YES;
				GCC_OPTIMIZATION_LEVEL = 0;
				GCC_PREPROCESSOR_DEFINITIONS = (
					"DEBUG=1",
					"$(inherited)",
				);
				GCC_WARN_64_TO_32_BIT_CONVERSION = YES;
				GCC_WARN_ABOUT_RETURN_TYPE = YES_ERROR;
				GCC_WARN_UNDECLARED_SELECTOR = YES;
				GCC_WARN_UNINITIALIZED_AUTOS = YES_AGGRESSIVE;
				GCC_WARN_UNUSED_FUNCTION = YES;
				GCC_WARN_UNUSED_VARIABLE = YES;
				IPHONEOS_DEPLOYMENT_TARGET = 9.2;
				MTL_ENABLE_DEBUG_INFO = YES;
				ONLY_ACTIVE_ARCH = YES;
				SDKROOT = iphoneos;
				SWIFT_OPTIMIZATION_LEVEL = "-Onone";
			};
			name = Debug;
		};
		8C0834B91CAE139B00A8925F /* Release */ = {
			isa = XCBuildConfiguration;
			buildSettings = {
				ALWAYS_SEARCH_USER_PATHS = NO;
				CLANG_CXX_LANGUAGE_STANDARD = "gnu++0x";
				CLANG_CXX_LIBRARY = "libc++";
				CLANG_ENABLE_MODULES = YES;
				CLANG_ENABLE_OBJC_ARC = YES;
				CLANG_WARN_BOOL_CONVERSION = YES;
				CLANG_WARN_CONSTANT_CONVERSION = YES;
				CLANG_WARN_DIRECT_OBJC_ISA_USAGE = YES_ERROR;
				CLANG_WARN_EMPTY_BODY = YES;
				CLANG_WARN_ENUM_CONVERSION = YES;
				CLANG_WARN_INT_CONVERSION = YES;
				CLANG_WARN_OBJC_ROOT_CLASS = YES_ERROR;
				CLANG_WARN_UNREACHABLE_CODE = YES;
				CLANG_WARN__DUPLICATE_METHOD_MATCH = YES;
				"CODE_SIGN_IDENTITY[sdk=iphoneos*]" = "iPhone Developer";
				COPY_PHASE_STRIP = NO;
				DEBUG_INFORMATION_FORMAT = "dwarf-with-dsym";
				ENABLE_NS_ASSERTIONS = NO;
				ENABLE_STRICT_OBJC_MSGSEND = YES;
				GCC_C_LANGUAGE_STANDARD = gnu99;
				GCC_NO_COMMON_BLOCKS = YES;
				GCC_WARN_64_TO_32_BIT_CONVERSION = YES;
				GCC_WARN_ABOUT_RETURN_TYPE = YES_ERROR;
				GCC_WARN_UNDECLARED_SELECTOR = YES;
				GCC_WARN_UNINITIALIZED_AUTOS = YES_AGGRESSIVE;
				GCC_WARN_UNUSED_FUNCTION = YES;
				GCC_WARN_UNUSED_VARIABLE = YES;
				IPHONEOS_DEPLOYMENT_TARGET = 9.2;
				MTL_ENABLE_DEBUG_INFO = NO;
				SDKROOT = iphoneos;
				VALIDATE_PRODUCT = YES;
			};
			name = Release;
		};
		8C0834BB1CAE139B00A8925F /* Debug */ = {
			isa = XCBuildConfiguration;
			buildSettings = {
				ASSETCATALOG_COMPILER_APPICON_NAME = AppIcon;
				INFOPLIST_FILE = webrequests/Info.plist;
				LD_RUNPATH_SEARCH_PATHS = "$(inherited) @executable_path/Frameworks";
				PRODUCT_BUNDLE_IDENTIFIER = com.joebeard.webrequests;
				PRODUCT_NAME = "$(TARGET_NAME)";
			};
			name = Debug;
		};
		8C0834BC1CAE139B00A8925F /* Release */ = {
			isa = XCBuildConfiguration;
			buildSettings = {
				ASSETCATALOG_COMPILER_APPICON_NAME = AppIcon;
				INFOPLIST_FILE = webrequests/Info.plist;
				LD_RUNPATH_SEARCH_PATHS = "$(inherited) @executable_path/Frameworks";
				PRODUCT_BUNDLE_IDENTIFIER = com.joebeard.webrequests;
				PRODUCT_NAME = "$(TARGET_NAME)";
			};
			name = Release;
		};
/* End XCBuildConfiguration section */

/* Begin XCConfigurationList section */
		8C0834A31CAE139B00A8925F /* Build configuration list for PBXProject "webrequests" */ = {
			isa = XCConfigurationList;
			buildConfigurations = (
				8C0834B81CAE139B00A8925F /* Debug */,
				8C0834B91CAE139B00A8925F /* Release */,
			);
			defaultConfigurationIsVisible = 0;
			defaultConfigurationName = Release;
		};
		8C0834BA1CAE139B00A8925F /* Build configuration list for PBXNativeTarget "webrequests" */ = {
			isa = XCConfigurationList;
			buildConfigurations = (
				8C0834BB1CAE139B00A8925F /* Debug */,
				8C0834BC1CAE139B00A8925F /* Release */,
			);
			defaultConfigurationIsVisible = 0;
			defaultConfigurationName = Release;
		};
/* End XCConfigurationList section */
	};
	rootObject = 8C0834A01CAE139B00A8925F /* Project object */;
}
